# This file is automatically @generated by Cargo.
# It is not intended for manual editing.
version = 4

[[package]]
name = "philpsx_basic_bin"
version = "0.1.0"

[[package]]
name = "philpsx_core"
version = "0.1.0"
dependencies = [
 "philpsx_utility",
]

[[package]]
name = "philpsx_utility"
version = "0.1.0"
